{
  "name": "mathjax-compact",
  "version": "2.7.2",
  "lockfileVersion": 1,
  "requires": true,
  "dependencies": {
    "mathjax": {
      "version": "2.7.1",
      "resolved": "https://registry.npmjs.org/mathjax/-/mathjax-2.7.1.tgz",
      "integrity": "sha1-yC0vhTsvWPc44zVTKa3wstj4+s4=",
      "dev": true
    }
  }
}
